<?xml version="1.0" encoding="utf-8"?>
<Project ToolsVersion="4.0" xmlns="http://schemas.microsoft.com/developer/msbuild/2003">
  <ItemGroup>
    <Filter Include="Source Files">
      <UniqueIdentifier>{4FC737F1-C7A5-4376-A066-2A32D752A2FF}</UniqueIdentifier>
      <Extensions>cpp;c;cc;cxx;def;odl;idl;hpj;bat;asm;asmx</Extensions>
    </Filter>
    <Filter Include="Header Files">
      <UniqueIdentifier>{93995380-89BD-4b04-88EB-625FBE52EBFB}</UniqueIdentifier>
      <Extensions>h;hh;hpp;hxx;hm;inl;inc;ipp;xsd</Extensions>
    </Filter>
    <Filter Include="Resource Files">
      <UniqueIdentifier>{67DA6AB6-F800-4c08-8B7A-83BB121AAD01}</UniqueIdentifier>
      <Extensions>rc;ico;cur;bmp;dlg;rc2;rct;bin;rgs;gif;jpg;jpeg;jpe;resx;tiff;tif;png;wav;mfcribbon-ms</Extensions>
    </Filter>
  </ItemGroup>
  <ItemGroup>
    <ClCompile Include="main.cpp">
      <Filter>Source Files</Filter>
    </ClCompile>
  </ItemGroup>
  <ItemGroup>
    <Image Include="cluster.bmp">
      <Filter>Resource Files</Filter>
    </Image>
    <Image Include="output.bmp">
      <Filter>Resource Files</Filter>
    </Image>
    <Image Include="datas\a1-1.jpg">
      <Filter>Resource Files</Filter>
    </Image>
    <Image Include="datas\a1-2.jpg">
      <Filter>Resource Files</Filter>
    </Image>
    <Image Include="datas\a1-3.jpg">
      <Filter>Resource Files</Filter>
    </Image>
    <Image Include="datas\a2-1.jpg">
      <Filter>Resource Files</Filter>
    </Image>
    <Image Include="datas\a2-2.jpg">
      <Filter>Resource Files</Filter>
    </Image>
    <Image Include="datas\a2-3.jpg">
      <Filter>Resource Files</Filter>
    </Image>
    <Image Include="datas\a3-1.jpg">
      <Filter>Resource Files</Filter>
    </Image>
    <Image Include="datas\a3-2.jpg">
      <Filter>Resource Files</Filter>
    </Image>
    <Image Include="datas\a3-3.jpg">
      <Filter>Resource Files</Filter>
    </Image>
    <Image Include="datas\a3-4.jpg">
      <Filter>Resource Files</Filter>
    </Image>
    <Image Include="datas\bg1.jpg">
      <Filter>Resource Files</Filter>
    </Image>
    <Image Include="datas\bg2.jpg">
      <Filter>Resource Files</Filter>
    </Image>
    <Image Include="datas\bg3.jpg">
      <Filter>Resource Files</Filter>
    </Image>
    <Image Include="datas\bg4.jpg">
      <Filter>Resource Files</Filter>
    </Image>
    <Image Include="datas\bg5.jpg">
      <Filter>Resource Files</Filter>
    </Image>
    <Image Include="datas\bg6.jpg">
      <Filter>Resource Files</Filter>
    </Image>
    <Image Include="datas\bg7.jpg">
      <Filter>Resource Files</Filter>
    </Image>
    <Image Include="datas\bg8.jpg">
      <Filter>Resource Files</Filter>
    </Image>
    <Image Include="datas\bg9.jpg">
      <Filter>Resource Files</Filter>
    </Image>
    <Image Include="datas\bg10.jpg">
      <Filter>Resource Files</Filter>
    </Image>
    <Image Include="datas\bg11.jpg">
      <Filter>Resource Files</Filter>
    </Image>
    <Image Include="input.bmp">
      <Filter>Resource Files</Filter>
    </Image>
  </ItemGroup>
  <ItemGroup>
    <Text Include="log.txt" />
  </ItemGroup>
  <ItemGroup>
    <ClInclude Include="recDetect.h">
      <Filter>Header Files</Filter>
    </ClInclude>
    <ClInclude Include="rectCorners.h">
      <Filter>Header Files</Filter>
    </ClInclude>
    <ClInclude Include="extractClothsFromBackground.h">
      <Filter>Header Files</Filter>
    </ClInclude>
    <ClInclude Include="photoBasedClothingMeasurements.h">
      <Filter>Header Files</Filter>
    </ClInclude>
  </ItemGroup>
</Project>